
Microsoft Visual Studio Solution File, Format Version 12.00
Project("{FAE04EC0-301F-11D3-BF4B-00C04F79EFBC}") = "BlazorWASMExample", "BlazorWASMExample\BlazorWASMExample.csproj", "{E4503DB3-4649-4B1D-A861-9A9F2D511082}"
EndProject
Global
	GlobalSection(SolutionConfigurationPlatforms) = preSolution
		Debug|Any CPU = Debug|Any CPU
		Release|Any CPU = Release|Any CPU
	EndGlobalSection
	GlobalSection(ProjectConfigurationPlatforms) = postSolution
		{E4503DB3-4649-4B1D-A861-9A9F2D511082}.Debug|Any CPU.ActiveCfg = Debug|Any CPU
		{E4503DB3-4649-4B1D-A861-9A9F2D511082}.Debug|Any CPU.Build.0 = Debug|Any CPU
		{E4503DB3-4649-4B1D-A861-9A9F2D511082}.Release|Any CPU.ActiveCfg = Release|Any CPU
		{E4503DB3-4649-4B1D-A861-9A9F2D511082}.Release|Any CPU.Build.0 = Release|Any CPU
	EndGlobalSection
EndGlobal
